
Microsoft Visual Studio Solution File, Format Version 12.00
# Visual Studio for Mac
Project("{FAE04EC0-301F-11D3-BF4B-00C04F79EFBC}") = "Assembly-CSharp", "Assembly-CSharp.csproj", "{BF6D8B74-8705-7A55-E04A-17960053E614}"
EndProject
Project("{FAE04EC0-301F-11D3-BF4B-00C04F79EFBC}") = "VuforiaScripts", "VuforiaScripts.csproj", "{2FB6B150-1265-FF14-77C4-D172A6C5AD21}"
EndProject
Project("{FAE04EC0-301F-11D3-BF4B-00C04F79EFBC}") = "Assembly-CSharp-Editor", "Assembly-CSharp-Editor.csproj", "{115DA5BC-E677-B0B4-DFAF-D0FC960FA513}"
EndProject
Project("{FAE04EC0-301F-11D3-BF4B-00C04F79EFBC}") = "VuforiaEditorScripts", "VuforiaEditorScripts.csproj", "{D2FC1F48-7784-4DB5-3084-92BA34AC1F3F}"
EndProject
Global
	GlobalSection(SolutionConfigurationPlatforms) = preSolution
		Debug|Any CPU = Debug|Any CPU
		Release|Any CPU = Release|Any CPU
	EndGlobalSection
	GlobalSection(ProjectConfigurationPlatforms) = postSolution
		{BF6D8B74-8705-7A55-E04A-17960053E614}.Debug|Any CPU.ActiveCfg = Debug|Any CPU
		{BF6D8B74-8705-7A55-E04A-17960053E614}.Debug|Any CPU.Build.0 = Debug|Any CPU
		{BF6D8B74-8705-7A55-E04A-17960053E614}.Release|Any CPU.ActiveCfg = Release|Any CPU
		{BF6D8B74-8705-7A55-E04A-17960053E614}.Release|Any CPU.Build.0 = Release|Any CPU
		{2FB6B150-1265-FF14-77C4-D172A6C5AD21}.Debug|Any CPU.ActiveCfg = Debug|Any CPU
		{2FB6B150-1265-FF14-77C4-D172A6C5AD21}.Debug|Any CPU.Build.0 = Debug|Any CPU
		{2FB6B150-1265-FF14-77C4-D172A6C5AD21}.Release|Any CPU.ActiveCfg = Release|Any CPU
		{2FB6B150-1265-FF14-77C4-D172A6C5AD21}.Release|Any CPU.Build.0 = Release|Any CPU
		{115DA5BC-E677-B0B4-DFAF-D0FC960FA513}.Debug|Any CPU.ActiveCfg = Debug|Any CPU
		{115DA5BC-E677-B0B4-DFAF-D0FC960FA513}.Debug|Any CPU.Build.0 = Debug|Any CPU
		{115DA5BC-E677-B0B4-DFAF-D0FC960FA513}.Release|Any CPU.ActiveCfg = Release|Any CPU
		{115DA5BC-E677-B0B4-DFAF-D0FC960FA513}.Release|Any CPU.Build.0 = Release|Any CPU
		{D2FC1F48-7784-4DB5-3084-92BA34AC1F3F}.Debug|Any CPU.ActiveCfg = Debug|Any CPU
		{D2FC1F48-7784-4DB5-3084-92BA34AC1F3F}.Debug|Any CPU.Build.0 = Debug|Any CPU
		{D2FC1F48-7784-4DB5-3084-92BA34AC1F3F}.Release|Any CPU.ActiveCfg = Release|Any CPU
		{D2FC1F48-7784-4DB5-3084-92BA34AC1F3F}.Release|Any CPU.Build.0 = Release|Any CPU
	EndGlobalSection
	GlobalSection(SolutionProperties) = preSolution
		HideSolutionNode = FALSE
	EndGlobalSection
EndGlobal
